
Microsoft Visual Studio Solution File, Format Version 12.00
# Visual Studio Version 17
VisualStudioVersion = 17.14.36203.30
MinimumVisualStudioVersion = 10.0.40219.1
Project("{FAE04EC0-301F-11D3-BF4B-00C04F79EFBC}") = "ApplicationApp", "Application\ApplicationApp.csproj", "{B53C6362-CF3B-43B0-B6DE-0D5C7D1671E5}"
EndProject
Global
	GlobalSection(SolutionConfigurationPlatforms) = preSolution
		Debug|Any CPU = Debug|Any CPU
		Release|Any CPU = Release|Any CPU
	EndGlobalSection
	GlobalSection(ProjectConfigurationPlatforms) = postSolution
		{B53C6362-CF3B-43B0-B6DE-0D5C7D1671E5}.Debug|Any CPU.ActiveCfg = Debug|Any CPU
		{B53C6362-CF3B-43B0-B6DE-0D5C7D1671E5}.Debug|Any CPU.Build.0 = Debug|Any CPU
		{B53C6362-CF3B-43B0-B6DE-0D5C7D1671E5}.Release|Any CPU.ActiveCfg = Release|Any CPU
		{B53C6362-CF3B-43B0-B6DE-0D5C7D1671E5}.Release|Any CPU.Build.0 = Release|Any CPU
	EndGlobalSection
	GlobalSection(SolutionProperties) = preSolution
		HideSolutionNode = FALSE
	EndGlobalSection
	GlobalSection(ExtensibilityGlobals) = postSolution
		SolutionGuid = {591B2026-A207-42B2-B362-F5BC95D5075A}
	EndGlobalSection
EndGlobal
