
Microsoft Visual Studio Solution File, Format Version 12.00
# Visual Studio Version 17
VisualStudioVersion = 17.14.36203.30 d17.14
MinimumVisualStudioVersion = 10.0.40219.1
Project("{FAE04EC0-301F-11D3-BF4B-00C04F79EFBC}") = "SuperMarket1", "SuperMarket1\SuperMarket1.csproj", "{32D99217-403F-43C6-9CC9-303A37D8AD54}"
EndProject
Global
	GlobalSection(SolutionConfigurationPlatforms) = preSolution
		Debug|Any CPU = Debug|Any CPU
		Release|Any CPU = Release|Any CPU
	EndGlobalSection
	GlobalSection(ProjectConfigurationPlatforms) = postSolution
		{32D99217-403F-43C6-9CC9-303A37D8AD54}.Debug|Any CPU.ActiveCfg = Debug|Any CPU
		{32D99217-403F-43C6-9CC9-303A37D8AD54}.Debug|Any CPU.Build.0 = Debug|Any CPU
		{32D99217-403F-43C6-9CC9-303A37D8AD54}.Release|Any CPU.ActiveCfg = Release|Any CPU
		{32D99217-403F-43C6-9CC9-303A37D8AD54}.Release|Any CPU.Build.0 = Release|Any CPU
	EndGlobalSection
	GlobalSection(SolutionProperties) = preSolution
		HideSolutionNode = FALSE
	EndGlobalSection
	GlobalSection(ExtensibilityGlobals) = postSolution
		SolutionGuid = {C811E217-CCDD-45B4-9913-EC47E12CB394}
	EndGlobalSection
EndGlobal
