
Microsoft Visual Studio Solution File, Format Version 12.00
# Visual Studio Version 17
VisualStudioVersion = 17.14.36203.30 d17.14
MinimumVisualStudioVersion = 10.0.40219.1
Project("{FAE04EC0-301F-11D3-BF4B-00C04F79EFBC}") = "WindowsFormsApp2", "WindowsFormsApp2\WindowsFormsApp2.csproj", "{0AC73878-5965-4BF6-AB5A-7F5A7C45F1F9}"
EndProject
Global
	GlobalSection(SolutionConfigurationPlatforms) = preSolution
		Debug|Any CPU = Debug|Any CPU
		Release|Any CPU = Release|Any CPU
	EndGlobalSection
	GlobalSection(ProjectConfigurationPlatforms) = postSolution
		{0AC73878-5965-4BF6-AB5A-7F5A7C45F1F9}.Debug|Any CPU.ActiveCfg = Debug|Any CPU
		{0AC73878-5965-4BF6-AB5A-7F5A7C45F1F9}.Debug|Any CPU.Build.0 = Debug|Any CPU
		{0AC73878-5965-4BF6-AB5A-7F5A7C45F1F9}.Release|Any CPU.ActiveCfg = Release|Any CPU
		{0AC73878-5965-4BF6-AB5A-7F5A7C45F1F9}.Release|Any CPU.Build.0 = Release|Any CPU
	EndGlobalSection
	GlobalSection(SolutionProperties) = preSolution
		HideSolutionNode = FALSE
	EndGlobalSection
	GlobalSection(ExtensibilityGlobals) = postSolution
		SolutionGuid = {917EADCA-D7E3-4FEE-8AF4-B865B72910BC}
	EndGlobalSection
EndGlobal
